
Microsoft Visual Studio Solution File, Format Version 12.00
# Visual Studio Version 17
VisualStudioVersion = 17.5.002.0
MinimumVisualStudioVersion = 10.0.40219.1
Project("{9A19103F-16F7-4668-BE54-9A1E7A4F7556}") = "gateway", "gateway\gateway.csproj", "{5E81B6B9-0AB7-4A7C-AD1B-0160FC16A067}"
EndProject
Global
	GlobalSection(SolutionConfigurationPlatforms) = preSolution
		Debug|Any CPU = Debug|Any CPU
		Release|Any CPU = Release|Any CPU
	EndGlobalSection
	GlobalSection(ProjectConfigurationPlatforms) = postSolution
		{5E81B6B9-0AB7-4A7C-AD1B-0160FC16A067}.Debug|Any CPU.ActiveCfg = Debug|Any CPU
		{5E81B6B9-0AB7-4A7C-AD1B-0160FC16A067}.Debug|Any CPU.Build.0 = Debug|Any CPU
		{5E81B6B9-0AB7-4A7C-AD1B-0160FC16A067}.Release|Any CPU.ActiveCfg = Release|Any CPU
		{5E81B6B9-0AB7-4A7C-AD1B-0160FC16A067}.Release|Any CPU.Build.0 = Release|Any CPU
	EndGlobalSection
	GlobalSection(SolutionProperties) = preSolution
		HideSolutionNode = FALSE
	EndGlobalSection
	GlobalSection(ExtensibilityGlobals) = postSolution
		SolutionGuid = {7A829452-C60D-4711-BE85-8374EDEB5F0E}
	EndGlobalSection
EndGlobal
